
Microsoft Visual Studio Solution File, Format Version 12.00
# Visual Studio Version 16
VisualStudioVersion = 16.0.32002.261
MinimumVisualStudioVersion = 10.0.40219.1
Project("{FAE04EC0-301F-11D3-BF4B-00C04F79EFBC}") = "Crud", "Crud\Crud.csproj", "{8F06C45D-4A83-4502-9797-C8978151F531}"
EndProject
Global
	GlobalSection(SolutionConfigurationPlatforms) = preSolution
		Debug|Any CPU = Debug|Any CPU
		Release|Any CPU = Release|Any CPU
	EndGlobalSection
	GlobalSection(ProjectConfigurationPlatforms) = postSolution
		{8F06C45D-4A83-4502-9797-C8978151F531}.Debug|Any CPU.ActiveCfg = Debug|Any CPU
		{8F06C45D-4A83-4502-9797-C8978151F531}.Debug|Any CPU.Build.0 = Debug|Any CPU
		{8F06C45D-4A83-4502-9797-C8978151F531}.Release|Any CPU.ActiveCfg = Release|Any CPU
		{8F06C45D-4A83-4502-9797-C8978151F531}.Release|Any CPU.Build.0 = Release|Any CPU
	EndGlobalSection
	GlobalSection(SolutionProperties) = preSolution
		HideSolutionNode = FALSE
	EndGlobalSection
	GlobalSection(ExtensibilityGlobals) = postSolution
		SolutionGuid = {52FBEC68-9A98-4428-B7FB-626111112BE7}
	EndGlobalSection
EndGlobal
